// !$*UTF8*$!
{
	archiveVersion = 1;
	classes = {
	};
	objectVersion = 56;
	objects = {

/* Begin PBXBuildFile section */
		782F086F2928316A00E52436 /* ZookeepersListVC.swift in Sources */ = {isa = PBXBuildFile; fileRef = 782F086E2928316A00E52436 /* ZookeepersListVC.swift */; };
		784F89C929252F70001AFBE1 /* AppDelegate.swift in Sources */ = {isa = PBXBuildFile; fileRef = 784F89C829252F70001AFBE1 /* AppDelegate.swift */; };
		784F89CB29252F70001AFBE1 /* SceneDelegate.swift in Sources */ = {isa = PBXBuildFile; fileRef = 784F89CA29252F70001AFBE1 /* SceneDelegate.swift */; };
		784F89CD29252F70001AFBE1 /* HomepageVC.swift in Sources */ = {isa = PBXBuildFile; fileRef = 784F89CC29252F70001AFBE1 /* HomepageVC.swift */; };
		784F89D029252F70001AFBE1 /* Main.storyboard in Resources */ = {isa = PBXBuildFile; fileRef = 784F89CE29252F70001AFBE1 /* Main.storyboard */; };
		784F89D229252F72001AFBE1 /* Assets.xcassets in Resources */ = {isa = PBXBuildFile; fileRef = 784F89D129252F72001AFBE1 /* Assets.xcassets */; };
		784F89D529252F72001AFBE1 /* LaunchScreen.storyboard in Resources */ = {isa = PBXBuildFile; fileRef = 784F89D329252F72001AFBE1 /* LaunchScreen.storyboard */; };
		784F89DE2925317B001AFBE1 /* Zoo.swift in Sources */ = {isa = PBXBuildFile; fileRef = 784F89DD2925317B001AFBE1 /* Zoo.swift */; };
		784F89E0292531AE001AFBE1 /* Zookeeper.swift in Sources */ = {isa = PBXBuildFile; fileRef = 784F89DF292531AE001AFBE1 /* Zookeeper.swift */; };
		784F89E2292531C2001AFBE1 /* AnimalsProtocol.swift in Sources */ = {isa = PBXBuildFile; fileRef = 784F89E1292531C2001AFBE1 /* AnimalsProtocol.swift */; };
		784F89E729269C3F001AFBE1 /* AddZookeeperVC.swift in Sources */ = {isa = PBXBuildFile; fileRef = 784F89E629269C3F001AFBE1 /* AddZookeeperVC.swift */; };
		784F89E929269C54001AFBE1 /* AddAnimalVC.swift in Sources */ = {isa = PBXBuildFile; fileRef = 784F89E829269C54001AFBE1 /* AddAnimalVC.swift */; };
		784F89EB29269C81001AFBE1 /* AnimalsListsVC.swift in Sources */ = {isa = PBXBuildFile; fileRef = 784F89EA29269C81001AFBE1 /* AnimalsListsVC.swift */; };
		784F89EE2927D3D0001AFBE1 /* Extensions.swift in Sources */ = {isa = PBXBuildFile; fileRef = 784F89ED2927D3D0001AFBE1 /* Extensions.swift */; };
/* End PBXBuildFile section */

/* Begin PBXFileReference section */
		782F086E2928316A00E52436 /* ZookeepersListVC.swift */ = {isa = PBXFileReference; lastKnownFileType = sourcecode.swift; path = ZookeepersListVC.swift; sourceTree = "<group>"; };
		784F89C529252F70001AFBE1 /* ZooClient.app */ = {isa = PBXFileReference; explicitFileType = wrapper.application; includeInIndex = 0; path = ZooClient.app; sourceTree = BUILT_PRODUCTS_DIR; };
		784F89C829252F70001AFBE1 /* AppDelegate.swift */ = {isa = PBXFileReference; lastKnownFileType = sourcecode.swift; path = AppDelegate.swift; sourceTree = "<group>"; };
		784F89CA29252F70001AFBE1 /* SceneDelegate.swift */ = {isa = PBXFileReference; lastKnownFileType = sourcecode.swift; path = SceneDelegate.swift; sourceTree = "<group>"; };
		784F89CC29252F70001AFBE1 /* HomepageVC.swift */ = {isa = PBXFileReference; lastKnownFileType = sourcecode.swift; path = HomepageVC.swift; sourceTree = "<group>"; };
		784F89CF29252F70001AFBE1 /* Base */ = {isa = PBXFileReference; lastKnownFileType = file.storyboard; name = Base; path = Base.lproj/Main.storyboard; sourceTree = "<group>"; };
		784F89D129252F72001AFBE1 /* Assets.xcassets */ = {isa = PBXFileReference; lastKnownFileType = folder.assetcatalog; path = Assets.xcassets; sourceTree = "<group>"; };
		784F89D429252F72001AFBE1 /* Base */ = {isa = PBXFileReference; lastKnownFileType = file.storyboard; name = Base; path = Base.lproj/LaunchScreen.storyboard; sourceTree = "<group>"; };
		784F89D629252F72001AFBE1 /* Info.plist */ = {isa = PBXFileReference; lastKnownFileType = text.plist.xml; path = Info.plist; sourceTree = "<group>"; };
		784F89DD2925317B001AFBE1 /* Zoo.swift */ = {isa = PBXFileReference; lastKnownFileType = sourcecode.swift; path = Zoo.swift; sourceTree = "<group>"; };
		784F89DF292531AE001AFBE1 /* Zookeeper.swift */ = {isa = PBXFileReference; lastKnownFileType = sourcecode.swift; path = Zookeeper.swift; sourceTree = "<group>"; };
		784F89E1292531C2001AFBE1 /* AnimalsProtocol.swift */ = {isa = PBXFileReference; lastKnownFileType = sourcecode.swift; path = AnimalsProtocol.swift; sourceTree = "<group>"; };
		784F89E629269C3F001AFBE1 /* AddZookeeperVC.swift */ = {isa = PBXFileReference; lastKnownFileType = sourcecode.swift; name = AddZookeeperVC.swift; path = ZooClient/View/AddZookeeperVC.swift; sourceTree = SOURCE_ROOT; };
		784F89E829269C54001AFBE1 /* AddAnimalVC.swift */ = {isa = PBXFileReference; lastKnownFileType = sourcecode.swift; path = AddAnimalVC.swift; sourceTree = "<group>"; };
		784F89EA29269C81001AFBE1 /* AnimalsListsVC.swift */ = {isa = PBXFileReference; lastKnownFileType = sourcecode.swift; path = AnimalsListsVC.swift; sourceTree = "<group>"; };
		784F89ED2927D3D0001AFBE1 /* Extensions.swift */ = {isa = PBXFileReference; lastKnownFileType = sourcecode.swift; path = Extensions.swift; sourceTree = "<group>"; };
/* End PBXFileReference section */

/* Begin PBXFrameworksBuildPhase section */
		784F89C229252F70001AFBE1 /* Frameworks */ = {
			isa = PBXFrameworksBuildPhase;
			buildActionMask = 2147483647;
			files = (
			);
			runOnlyForDeploymentPostprocessing = 0;
		};
/* End PBXFrameworksBuildPhase section */

/* Begin PBXGroup section */
		784F89BC29252F70001AFBE1 = {
			isa = PBXGroup;
			children = (
				784F89C729252F70001AFBE1 /* ZooClient */,
				784F89C629252F70001AFBE1 /* Products */,
			);
			sourceTree = "<group>";
		};
		784F89C629252F70001AFBE1 /* Products */ = {
			isa = PBXGroup;
			children = (
				784F89C529252F70001AFBE1 /* ZooClient.app */,
			);
			name = Products;
			sourceTree = "<group>";
		};
		784F89C729252F70001AFBE1 /* ZooClient */ = {
			isa = PBXGroup;
			children = (
				784F89EC2927D3C3001AFBE1 /* Utility */,
				784F89E529253423001AFBE1 /* Storyboards */,
				784F89DC29252FD5001AFBE1 /* SupportFiles */,
				784F89E3292533F5001AFBE1 /* Model */,
				784F89E42925340D001AFBE1 /* View */,
			);
			path = ZooClient;
			sourceTree = "<group>";
		};
		784F89DC29252FD5001AFBE1 /* SupportFiles */ = {
			isa = PBXGroup;
			children = (
				784F89C829252F70001AFBE1 /* AppDelegate.swift */,
				784F89CA29252F70001AFBE1 /* SceneDelegate.swift */,
				784F89D129252F72001AFBE1 /* Assets.xcassets */,
				784F89D629252F72001AFBE1 /* Info.plist */,
			);
			path = SupportFiles;
			sourceTree = "<group>";
		};
		784F89E3292533F5001AFBE1 /* Model */ = {
			isa = PBXGroup;
			children = (
				784F89DF292531AE001AFBE1 /* Zookeeper.swift */,
				784F89E1292531C2001AFBE1 /* AnimalsProtocol.swift */,
				784F89DD2925317B001AFBE1 /* Zoo.swift */,
			);
			path = Model;
			sourceTree = "<group>";
		};
		784F89E42925340D001AFBE1 /* View */ = {
			isa = PBXGroup;
			children = (
				784F89CC29252F70001AFBE1 /* HomepageVC.swift */,
				784F89E629269C3F001AFBE1 /* AddZookeeperVC.swift */,
				784F89E829269C54001AFBE1 /* AddAnimalVC.swift */,
				784F89EA29269C81001AFBE1 /* AnimalsListsVC.swift */,
				782F086E2928316A00E52436 /* ZookeepersListVC.swift */,
			);
			path = View;
			sourceTree = "<group>";
		};
		784F89E529253423001AFBE1 /* Storyboards */ = {
			isa = PBXGroup;
			children = (
				784F89CE29252F70001AFBE1 /* Main.storyboard */,
				784F89D329252F72001AFBE1 /* LaunchScreen.storyboard */,
			);
			path = Storyboards;
			sourceTree = "<group>";
		};
		784F89EC2927D3C3001AFBE1 /* Utility */ = {
			isa = PBXGroup;
			children = (
				784F89ED2927D3D0001AFBE1 /* Extensions.swift */,
			);
			path = Utility;
			sourceTree = "<group>";
		};
/* End PBXGroup section */

/* Begin PBXNativeTarget section */
		784F89C429252F70001AFBE1 /* ZooClient */ = {
			isa = PBXNativeTarget;
			buildConfigurationList = 784F89D929252F72001AFBE1 /* Build configuration list for PBXNativeTarget "ZooClient" */;
			buildPhases = (
				784F89C129252F70001AFBE1 /* Sources */,
				784F89C229252F70001AFBE1 /* Frameworks */,
				784F89C329252F70001AFBE1 /* Resources */,
			);
			buildRules = (
			);
			dependencies = (
			);
			name = ZooClient;
			productName = ZooClient;
			productReference = 784F89C529252F70001AFBE1 /* ZooClient.app */;
			productType = "com.apple.product-type.application";
		};
/* End PBXNativeTarget section */

/* Begin PBXProject section */
		784F89BD29252F70001AFBE1 /* Project object */ = {
			isa = PBXProject;
			attributes = {
				BuildIndependentTargetsInParallel = 1;
				LastSwiftUpdateCheck = 1400;
				LastUpgradeCheck = 1400;
				TargetAttributes = {
					784F89C429252F70001AFBE1 = {
						CreatedOnToolsVersion = 14.0.1;
					};
				};
			};
			buildConfigurationList = 784F89C029252F70001AFBE1 /* Build configuration list for PBXProject "ZooClient" */;
			compatibilityVersion = "Xcode 14.0";
			developmentRegion = en;
			hasScannedForEncodings = 0;
			knownRegions = (
				en,
				Base,
			);
			mainGroup = 784F89BC29252F70001AFBE1;
			productRefGroup = 784F89C629252F70001AFBE1 /* Products */;
			projectDirPath = "";
			projectRoot = "";
			targets = (
				784F89C429252F70001AFBE1 /* ZooClient */,
			);
		};
/* End PBXProject section */

/* Begin PBXResourcesBuildPhase section */
		784F89C329252F70001AFBE1 /* Resources */ = {
			isa = PBXResourcesBuildPhase;
			buildActionMask = 2147483647;
			files = (
				784F89D529252F72001AFBE1 /* LaunchScreen.storyboard in Resources */,
				784F89D229252F72001AFBE1 /* Assets.xcassets in Resources */,
				784F89D029252F70001AFBE1 /* Main.storyboard in Resources */,
			);
			runOnlyForDeploymentPostprocessing = 0;
		};
/* End PBXResourcesBuildPhase section */

/* Begin PBXSourcesBuildPhase section */
		784F89C129252F70001AFBE1 /* Sources */ = {
			isa = PBXSourcesBuildPhase;
			buildActionMask = 2147483647;
			files = (
				784F89DE2925317B001AFBE1 /* Zoo.swift in Sources */,
				784F89E2292531C2001AFBE1 /* AnimalsProtocol.swift in Sources */,
				784F89CD29252F70001AFBE1 /* HomepageVC.swift in Sources */,
				784F89E729269C3F001AFBE1 /* AddZookeeperVC.swift in Sources */,
				784F89E929269C54001AFBE1 /* AddAnimalVC.swift in Sources */,
				782F086F2928316A00E52436 /* ZookeepersListVC.swift in Sources */,
				784F89EE2927D3D0001AFBE1 /* Extensions.swift in Sources */,
				784F89C929252F70001AFBE1 /* AppDelegate.swift in Sources */,
				784F89E0292531AE001AFBE1 /* Zookeeper.swift in Sources */,
				784F89CB29252F70001AFBE1 /* SceneDelegate.swift in Sources */,
				784F89EB29269C81001AFBE1 /* AnimalsListsVC.swift in Sources */,
			);
			runOnlyForDeploymentPostprocessing = 0;
		};
/* End PBXSourcesBuildPhase section */

/* Begin PBXVariantGroup section */
		784F89CE29252F70001AFBE1 /* Main.storyboard */ = {
			isa = PBXVariantGroup;
			children = (
				784F89CF29252F70001AFBE1 /* Base */,
			);
			name = Main.storyboard;
			sourceTree = "<group>";
		};
		784F89D329252F72001AFBE1 /* LaunchScreen.storyboard */ = {
			isa = PBXVariantGroup;
			children = (
				784F89D429252F72001AFBE1 /* Base */,
			);
			name = LaunchScreen.storyboard;
			sourceTree = "<group>";
		};
/* End PBXVariantGroup section */

/* Begin XCBuildConfiguration section */
		784F89D729252F72001AFBE1 /* Debug */ = {
			isa = XCBuildConfiguration;
			buildSettings = {
				ALWAYS_SEARCH_USER_PATHS = NO;
				CLANG_ANALYZER_NONNULL = YES;
				CLANG_ANALYZER_NUMBER_OBJECT_CONVERSION = YES_AGGRESSIVE;
				CLANG_CXX_LANGUAGE_STANDARD = "gnu++20";
				CLANG_ENABLE_MODULES = YES;
				CLANG_ENABLE_OBJC_ARC = YES;
				CLANG_ENABLE_OBJC_WEAK = YES;
				CLANG_WARN_BLOCK_CAPTURE_AUTORELEASING = YES;
				CLANG_WARN_BOOL_CONVERSION = YES;
				CLANG_WARN_COMMA = YES;
				CLANG_WARN_CONSTANT_CONVERSION = YES;
				CLANG_WARN_DEPRECATED_OBJC_IMPLEMENTATIONS = YES;
				CLANG_WARN_DIRECT_OBJC_ISA_USAGE = YES_ERROR;
				CLANG_WARN_DOCUMENTATION_COMMENTS = YES;
				CLANG_WARN_EMPTY_BODY = YES;
				CLANG_WARN_ENUM_CONVERSION = YES;
				CLANG_WARN_INFINITE_RECURSION = YES;
				CLANG_WARN_INT_CONVERSION = YES;
				CLANG_WARN_NON_LITERAL_NULL_CONVERSION = YES;
				CLANG_WARN_OBJC_IMPLICIT_RETAIN_SELF = YES;
				CLANG_WARN_OBJC_LITERAL_CONVERSION = YES;
				CLANG_WARN_OBJC_ROOT_CLASS = YES_ERROR;
				CLANG_WARN_QUOTED_INCLUDE_IN_FRAMEWORK_HEADER = YES;
				CLANG_WARN_RANGE_LOOP_ANALYSIS = YES;
				CLANG_WARN_STRICT_PROTOTYPES = YES;
				CLANG_WARN_SUSPICIOUS_MOVE = YES;
				CLANG_WARN_UNGUARDED_AVAILABILITY = YES_AGGRESSIVE;
				CLANG_WARN_UNREACHABLE_CODE = YES;
				CLANG_WARN__DUPLICATE_METHOD_MATCH = YES;
				COPY_PHASE_STRIP = NO;
				DEBUG_INFORMATION_FORMAT = dwarf;
				ENABLE_STRICT_OBJC_MSGSEND = YES;
				ENABLE_TESTABILITY = YES;
				GCC_C_LANGUAGE_STANDARD = gnu11;
				GCC_DYNAMIC_NO_PIC = NO;
				GCC_NO_COMMON_BLOCKS = YES;
				GCC_OPTIMIZATION_LEVEL = 0;
				GCC_PREPROCESSOR_DEFINITIONS = (
					"DEBUG=1",
					"$(inherited)",
				);
				GCC_WARN_64_TO_32_BIT_CONVERSION = YES;
				GCC_WARN_ABOUT_RETURN_TYPE = YES_ERROR;
				GCC_WARN_UNDECLARED_SELECTOR = YES;
				GCC_WARN_UNINITIALIZED_AUTOS = YES_AGGRESSIVE;
				GCC_WARN_UNUSED_FUNCTION = YES;
				GCC_WARN_UNUSED_VARIABLE = YES;
				IPHONEOS_DEPLOYMENT_TARGET = 16.0;
				MTL_ENABLE_DEBUG_INFO = INCLUDE_SOURCE;
				MTL_FAST_MATH = YES;
				ONLY_ACTIVE_ARCH = YES;
				SDKROOT = iphoneos;
				SWIFT_ACTIVE_COMPILATION_CONDITIONS = DEBUG;
				SWIFT_OPTIMIZATION_LEVEL = "-Onone";
			};
			name = Debug;
		};
		784F89D829252F72001AFBE1 /* Release */ = {
			isa = XCBuildConfiguration;
			buildSettings = {
				ALWAYS_SEARCH_USER_PATHS = NO;
				CLANG_ANALYZER_NONNULL = YES;
				CLANG_ANALYZER_NUMBER_OBJECT_CONVERSION = YES_AGGRESSIVE;
				CLANG_CXX_LANGUAGE_STANDARD = "gnu++20";
				CLANG_ENABLE_MODULES = YES;
				CLANG_ENABLE_OBJC_ARC = YES;
				CLANG_ENABLE_OBJC_WEAK = YES;
				CLANG_WARN_BLOCK_CAPTURE_AUTORELEASING = YES;
				CLANG_WARN_BOOL_CONVERSION = YES;
				CLANG_WARN_COMMA = YES;
				CLANG_WARN_CONSTANT_CONVERSION = YES;
				CLANG_WARN_DEPRECATED_OBJC_IMPLEMENTATIONS = YES;
				CLANG_WARN_DIRECT_OBJC_ISA_USAGE = YES_ERROR;
				CLANG_WARN_DOCUMENTATION_COMMENTS = YES;
				CLANG_WARN_EMPTY_BODY = YES;
				CLANG_WARN_ENUM_CONVERSION = YES;
				CLANG_WARN_INFINITE_RECURSION = YES;
				CLANG_WARN_INT_CONVERSION = YES;
				CLANG_WARN_NON_LITERAL_NULL_CONVERSION = YES;
				CLANG_WARN_OBJC_IMPLICIT_RETAIN_SELF = YES;
				CLANG_WARN_OBJC_LITERAL_CONVERSION = YES;
				CLANG_WARN_OBJC_ROOT_CLASS = YES_ERROR;
				CLANG_WARN_QUOTED_INCLUDE_IN_FRAMEWORK_HEADER = YES;
				CLANG_WARN_RANGE_LOOP_ANALYSIS = YES;
				CLANG_WARN_STRICT_PROTOTYPES = YES;
				CLANG_WARN_SUSPICIOUS_MOVE = YES;
				CLANG_WARN_UNGUARDED_AVAILABILITY = YES_AGGRESSIVE;
				CLANG_WARN_UNREACHABLE_CODE = YES;
				CLANG_WARN__DUPLICATE_METHOD_MATCH = YES;
				COPY_PHASE_STRIP = NO;
				DEBUG_INFORMATION_FORMAT = "dwarf-with-dsym";
				ENABLE_NS_ASSERTIONS = NO;
				ENABLE_STRICT_OBJC_MSGSEND = YES;
				GCC_C_LANGUAGE_STANDARD = gnu11;
				GCC_NO_COMMON_BLOCKS = YES;
				GCC_WARN_64_TO_32_BIT_CONVERSION = YES;
				GCC_WARN_ABOUT_RETURN_TYPE = YES_ERROR;
				GCC_WARN_UNDECLARED_SELECTOR = YES;
				GCC_WARN_UNINITIALIZED_AUTOS = YES_AGGRESSIVE;
				GCC_WARN_UNUSED_FUNCTION = YES;
				GCC_WARN_UNUSED_VARIABLE = YES;
				IPHONEOS_DEPLOYMENT_TARGET = 16.0;
				MTL_ENABLE_DEBUG_INFO = NO;
				MTL_FAST_MATH = YES;
				SDKROOT = iphoneos;
				SWIFT_COMPILATION_MODE = wholemodule;
				SWIFT_OPTIMIZATION_LEVEL = "-O";
				VALIDATE_PRODUCT = YES;
			};
			name = Release;
		};
		784F89DA29252F72001AFBE1 /* Debug */ = {
			isa = XCBuildConfiguration;
			buildSettings = {
				ASSETCATALOG_COMPILER_APPICON_NAME = AppIcon;
				ASSETCATALOG_COMPILER_GLOBAL_ACCENT_COLOR_NAME = AccentColor;
				CODE_SIGN_STYLE = Automatic;
				CURRENT_PROJECT_VERSION = 1;
				DEVELOPMENT_TEAM = Q5TKUQ5ZUC;
				GENERATE_INFOPLIST_FILE = YES;
				INFOPLIST_FILE = ZooClient/SupportFiles/Info.plist;
				INFOPLIST_KEY_UIApplicationSupportsIndirectInputEvents = YES;
				INFOPLIST_KEY_UILaunchStoryboardName = LaunchScreen;
				INFOPLIST_KEY_UIMainStoryboardFile = Main;
				INFOPLIST_KEY_UISupportedInterfaceOrientations_iPad = "UIInterfaceOrientationPortrait UIInterfaceOrientationPortraitUpsideDown UIInterfaceOrientationLandscapeLeft UIInterfaceOrientationLandscapeRight";
				INFOPLIST_KEY_UISupportedInterfaceOrientations_iPhone = "UIInterfaceOrientationPortrait UIInterfaceOrientationLandscapeLeft UIInterfaceOrientationLandscapeRight";
				LD_RUNPATH_SEARCH_PATHS = (
					"$(inherited)",
					"@executable_path/Frameworks",
				);
				MARKETING_VERSION = 1.0;
				PRODUCT_BUNDLE_IDENTIFIER = com.tolgakaanaysu.ZooClient;
				PRODUCT_NAME = "$(TARGET_NAME)";
				SUPPORTED_PLATFORMS = "iphoneos iphonesimulator";
				SUPPORTS_MACCATALYST = NO;
				SUPPORTS_MAC_DESIGNED_FOR_IPHONE_IPAD = NO;
				SWIFT_EMIT_LOC_STRINGS = YES;
				SWIFT_VERSION = 5.0;
				TARGETED_DEVICE_FAMILY = 1;
			};
			name = Debug;
		};
		784F89DB29252F72001AFBE1 /* Release */ = {
			isa = XCBuildConfiguration;
			buildSettings = {
				ASSETCATALOG_COMPILER_APPICON_NAME = AppIcon;
				ASSETCATALOG_COMPILER_GLOBAL_ACCENT_COLOR_NAME = AccentColor;
				CODE_SIGN_STYLE = Automatic;
				CURRENT_PROJECT_VERSION = 1;
				DEVELOPMENT_TEAM = Q5TKUQ5ZUC;
				GENERATE_INFOPLIST_FILE = YES;
				INFOPLIST_FILE = ZooClient/SupportFiles/Info.plist;
				INFOPLIST_KEY_UIApplicationSupportsIndirectInputEvents = YES;
				INFOPLIST_KEY_UILaunchStoryboardName = LaunchScreen;
				INFOPLIST_KEY_UIMainStoryboardFile = Main;
				INFOPLIST_KEY_UISupportedInterfaceOrientations_iPad = "UIInterfaceOrientationPortrait UIInterfaceOrientationPortraitUpsideDown UIInterfaceOrientationLandscapeLeft UIInterfaceOrientationLandscapeRight";
				INFOPLIST_KEY_UISupportedInterfaceOrientations_iPhone = "UIInterfaceOrientationPortrait UIInterfaceOrientationLandscapeLeft UIInterfaceOrientationLandscapeRight";
				LD_RUNPATH_SEARCH_PATHS = (
					"$(inherited)",
					"@executable_path/Frameworks",
				);
				MARKETING_VERSION = 1.0;
				PRODUCT_BUNDLE_IDENTIFIER = com.tolgakaanaysu.ZooClient;
				PRODUCT_NAME = "$(TARGET_NAME)";
				SUPPORTED_PLATFORMS = "iphoneos iphonesimulator";
				SUPPORTS_MACCATALYST = NO;
				SUPPORTS_MAC_DESIGNED_FOR_IPHONE_IPAD = NO;
				SWIFT_EMIT_LOC_STRINGS = YES;
				SWIFT_VERSION = 5.0;
				TARGETED_DEVICE_FAMILY = 1;
			};
			name = Release;
		};
/* End XCBuildConfiguration section */

/* Begin XCConfigurationList section */
		784F89C029252F70001AFBE1 /* Build configuration list for PBXProject "ZooClient" */ = {
			isa = XCConfigurationList;
			buildConfigurations = (
				784F89D729252F72001AFBE1 /* Debug */,
				784F89D829252F72001AFBE1 /* Release */,
			);
			defaultConfigurationIsVisible = 0;
			defaultConfigurationName = Release;
		};
		784F89D929252F72001AFBE1 /* Build configuration list for PBXNativeTarget "ZooClient" */ = {
			isa = XCConfigurationList;
			buildConfigurations = (
				784F89DA29252F72001AFBE1 /* Debug */,
				784F89DB29252F72001AFBE1 /* Release */,
			);
			defaultConfigurationIsVisible = 0;
			defaultConfigurationName = Release;
		};
/* End XCConfigurationList section */
	};
	rootObject = 784F89BD29252F70001AFBE1 /* Project object */;
}
